
Microsoft Visual Studio Solution File, Format Version 12.00
# Visual Studio Version 17
VisualStudioVersion = 17.10.35027.167
MinimumVisualStudioVersion = 10.0.40219.1
Project("{FAE04EC0-301F-11D3-BF4B-00C04F79EFBC}") = "LogicAndLoops", "LogicAndLoops\LogicAndLoops.csproj", "{8036433F-9E4E-4F72-961F-B6F4DAAD164C}"
EndProject
Global
	GlobalSection(SolutionConfigurationPlatforms) = preSolution
		Debug|Any CPU = Debug|Any CPU
		Release|Any CPU = Release|Any CPU
	EndGlobalSection
	GlobalSection(ProjectConfigurationPlatforms) = postSolution
		{8036433F-9E4E-4F72-961F-B6F4DAAD164C}.Debug|Any CPU.ActiveCfg = Debug|Any CPU
		{8036433F-9E4E-4F72-961F-B6F4DAAD164C}.Debug|Any CPU.Build.0 = Debug|Any CPU
		{8036433F-9E4E-4F72-961F-B6F4DAAD164C}.Release|Any CPU.ActiveCfg = Release|Any CPU
		{8036433F-9E4E-4F72-961F-B6F4DAAD164C}.Release|Any CPU.Build.0 = Release|Any CPU
	EndGlobalSection
	GlobalSection(SolutionProperties) = preSolution
		HideSolutionNode = FALSE
	EndGlobalSection
	GlobalSection(ExtensibilityGlobals) = postSolution
		SolutionGuid = {FFDC7D4D-938D-4C19-A445-3C7099922003}
	EndGlobalSection
EndGlobal
